
Microsoft Visual Studio Solution File, Format Version 12.00
# Visual Studio 15
VisualStudioVersion = 15.0.26430.16
MinimumVisualStudioVersion = 10.0.40219.1
Project("{FAE04EC0-301F-11D3-BF4B-00C04F79EFBC}") = "Netflix", "Netflix\Netflix.csproj", "{9779F192-FEFF-4137-99E6-26797CBB91A0}"
EndProject
Project("{FAE04EC0-301F-11D3-BF4B-00C04F79EFBC}") = "EstructurasDeDatos", "EstructurasDeDatos\EstructurasDeDatos.csproj", "{B9DA8C89-E144-41BF-8BF9-B7BC28410873}"
EndProject
Global
	GlobalSection(SolutionConfigurationPlatforms) = preSolution
		Debug|Any CPU = Debug|Any CPU
		Release|Any CPU = Release|Any CPU
	EndGlobalSection
	GlobalSection(ProjectConfigurationPlatforms) = postSolution
		{9779F192-FEFF-4137-99E6-26797CBB91A0}.Debug|Any CPU.ActiveCfg = Debug|Any CPU
		{9779F192-FEFF-4137-99E6-26797CBB91A0}.Debug|Any CPU.Build.0 = Debug|Any CPU
		{9779F192-FEFF-4137-99E6-26797CBB91A0}.Release|Any CPU.ActiveCfg = Release|Any CPU
		{9779F192-FEFF-4137-99E6-26797CBB91A0}.Release|Any CPU.Build.0 = Release|Any CPU
		{B9DA8C89-E144-41BF-8BF9-B7BC28410873}.Debug|Any CPU.ActiveCfg = Debug|Any CPU
		{B9DA8C89-E144-41BF-8BF9-B7BC28410873}.Debug|Any CPU.Build.0 = Debug|Any CPU
		{B9DA8C89-E144-41BF-8BF9-B7BC28410873}.Release|Any CPU.ActiveCfg = Release|Any CPU
		{B9DA8C89-E144-41BF-8BF9-B7BC28410873}.Release|Any CPU.Build.0 = Release|Any CPU
	EndGlobalSection
	GlobalSection(SolutionProperties) = preSolution
		HideSolutionNode = FALSE
	EndGlobalSection
EndGlobal
